
Microsoft Visual Studio Solution File, Format Version 12.00
# Visual Studio Version 16
VisualStudioVersion = 16.0.30503.244
MinimumVisualStudioVersion = 10.0.40219.1
Project("{9A19103F-16F7-4668-BE54-9A1E7A4F7556}") = "Authentication", "Authentication\Authentication.csproj", "{0F028780-B611-47BC-AC32-3F0F87101FB1}"
EndProject
Project("{FAE04EC0-301F-11D3-BF4B-00C04F79EFBC}") = "UnitTest", "UnitTest\UnitTest.csproj", "{05B0E8F5-88AE-4254-9453-4D1FFA41FA8C}"
EndProject
Global
	GlobalSection(SolutionConfigurationPlatforms) = preSolution
		Debug|Any CPU = Debug|Any CPU
		Release|Any CPU = Release|Any CPU
	EndGlobalSection
	GlobalSection(ProjectConfigurationPlatforms) = postSolution
		{0F028780-B611-47BC-AC32-3F0F87101FB1}.Debug|Any CPU.ActiveCfg = Debug|Any CPU
		{0F028780-B611-47BC-AC32-3F0F87101FB1}.Debug|Any CPU.Build.0 = Debug|Any CPU
		{0F028780-B611-47BC-AC32-3F0F87101FB1}.Release|Any CPU.ActiveCfg = Release|Any CPU
		{0F028780-B611-47BC-AC32-3F0F87101FB1}.Release|Any CPU.Build.0 = Release|Any CPU
		{05B0E8F5-88AE-4254-9453-4D1FFA41FA8C}.Debug|Any CPU.ActiveCfg = Debug|Any CPU
		{05B0E8F5-88AE-4254-9453-4D1FFA41FA8C}.Debug|Any CPU.Build.0 = Debug|Any CPU
		{05B0E8F5-88AE-4254-9453-4D1FFA41FA8C}.Release|Any CPU.ActiveCfg = Release|Any CPU
		{05B0E8F5-88AE-4254-9453-4D1FFA41FA8C}.Release|Any CPU.Build.0 = Release|Any CPU
	EndGlobalSection
	GlobalSection(SolutionProperties) = preSolution
		HideSolutionNode = FALSE
	EndGlobalSection
	GlobalSection(ExtensibilityGlobals) = postSolution
		SolutionGuid = {FE3DC60F-78A4-49B0-B1BC-7E0AE590F5B3}
	EndGlobalSection
EndGlobal
